# This file is automatically @generated by Poetry 1.8.2 and should not be changed by hand.

[[package]]
name = "maturin"
version = "0.13.7"
description = "Build and publish crates with pyo3, rust-cpython and cffi bindings as well as rust binaries as python packages"
optional = false
python-versions = ">=3.7"
files = [
    {file = "maturin-0.13.7-py3-none-macosx_10_7_x86_64.whl", hash = "sha256:bc58b0266a4c124f9afd69a987ac324ff35c0d963b41073ed64a32f94c226d5a"},
    {file = "maturin-0.13.7-py3-none-macosx_10_9_x86_64.macosx_11_0_arm64.macosx_10_9_universal2.whl", hash = "sha256:424d53adc9684167cf89829275fe5072331a197de0ac08e7a893f9283c7df213"},
    {file = "maturin-0.13.7-py3-none-manylinux_2_12_i686.manylinux2010_i686.musllinux_1_1_i686.whl", hash = "sha256:3137876c338eb7e551ba44a609b5f02d02454d1b3a8677ad6bf2121c5a92b2b7"},
    {file = "maturin-0.13.7-py3-none-manylinux_2_12_x86_64.manylinux2010_x86_64.musllinux_1_1_x86_64.whl", hash = "sha256:a96f1b3ede71c0f76b8c7cfac18a9eec90174bdf434fa9aeff491be9a7ca5179"},
    {file = "maturin-0.13.7-py3-none-manylinux_2_17_aarch64.manylinux2014_aarch64.musllinux_1_1_aarch64.whl", hash = "sha256:0b6ac1219a809155057fd1f358f7ece03c3abd2e2991832ce5146825a9fa4160"},
    {file = "maturin-0.13.7-py3-none-manylinux_2_17_armv7l.manylinux2014_armv7l.musllinux_1_1_armv7l.whl", hash = "sha256:3c36f429adc3a8af8de9838399750742a86053f0031a953b48ee92932120dc0c"},
    {file = "maturin-0.13.7-py3-none-manylinux_2_17_ppc64le.manylinux2014_ppc64le.musllinux_1_1_ppc64le.whl", hash = "sha256:bb3a2830d64ae6a324571f694475b91111e827bc0ccc60a0c47f4fb596a46bd8"},
    {file = "maturin-0.13.7-py3-none-manylinux_2_17_s390x.manylinux2014_s390x.whl", hash = "sha256:794f58d3103449f8cd8ab5f36fd05c31b8d8de3643cd0e3720fd5dc3c328dd5c"},
    {file = "maturin-0.13.7-py3-none-win32.whl", hash = "sha256:63586eb286866264ec62d29df6ab955360de6226128f67d14623ffe1a12d4963"},
    {file = "maturin-0.13.7-py3-none-win_amd64.whl", hash = "sha256:f50d62aca567fdbbb929771794f3c5c78048ef0efa4af7d83ed472a8b8d26454"},
    {file = "maturin-0.13.7-py3-none-win_arm64.whl", hash = "sha256:8c6225e7eba2885a0cd82a6cf898e74bb720796a5744e0450f3b1340d1ca97af"},
    {file = "maturin-0.13.7.tar.gz", hash = "sha256:c0a77aa0c57f945649ca711c806203a1b6888ad49c2b8b85196ffdcf0421db77"},
]

[package.dependencies]
tomli = {version = ">=1.1.0", markers = "python_version < \"3.11\""}

[package.extras]
patchelf = ["patchelf"]
zig = ["ziglang (>=0.9.0,<0.10.0)"]

[[package]]
name = "tomli"
version = "2.0.1"
description = "A lil' TOML parser"
optional = false
python-versions = ">=3.7"
files = [
    {file = "tomli-2.0.1-py3-none-any.whl", hash = "sha256:939de3e7a6161af0c887ef91b7d41a53e7c5a1ca976325f429cb46ea9bc30ecc"},
    {file = "tomli-2.0.1.tar.gz", hash = "sha256:de526c12914f0c550d15924c62d72abc48d6fe7364aa87328337a31007fe8a4f"},
]

[metadata]
lock-version = "2.0"
python-versions = "^3.8"
content-hash = "112018a205efe29a52aeb93719eb2c792955b728a86949308dda7ad15778ac69"
